// !$*UTF8*$!
{
	archiveVersion = 1;
	classes = {
	};
	objectVersion = 56;
	objects = {

/* Begin PBXBuildFile section */
		000A6B482AC4E01100C8B328 /* WhackApp.swift in Sources */ = {isa = PBXBuildFile; fileRef = 000A6B472AC4E01100C8B328 /* WhackApp.swift */; };
		000A6B4A2AC4E01100C8B328 /* ContentView.swift in Sources */ = {isa = PBXBuildFile; fileRef = 000A6B492AC4E01100C8B328 /* ContentView.swift */; };
		000A6B4C2AC4E01100C8B328 /* Item.swift in Sources */ = {isa = PBXBuildFile; fileRef = 000A6B4B2AC4E01100C8B328 /* Item.swift */; };
		000A6B4E2AC4E01300C8B328 /* Assets.xcassets in Resources */ = {isa = PBXBuildFile; fileRef = 000A6B4D2AC4E01300C8B328 /* Assets.xcassets */; };
		000A6B512AC4E01300C8B328 /* Preview Assets.xcassets in Resources */ = {isa = PBXBuildFile; fileRef = 000A6B502AC4E01300C8B328 /* Preview Assets.xcassets */; };
		000A6B592AC5AB4F00C8B328 /* GridStack in Frameworks */ = {isa = PBXBuildFile; productRef = 000A6B582AC5AB4F00C8B328 /* GridStack */; };
		000A6B5C2AC5AC1D00C8B328 /* Kingfisher in Frameworks */ = {isa = PBXBuildFile; productRef = 000A6B5B2AC5AC1D00C8B328 /* Kingfisher */; };
		00A08CED2AC5E380007C5071 /* ImageData.swift in Sources */ = {isa = PBXBuildFile; fileRef = 00A08CEC2AC5E380007C5071 /* ImageData.swift */; };
		00A08CF02AC5E3B1007C5071 /* ImageCounter.swift in Sources */ = {isa = PBXBuildFile; fileRef = 00A08CEF2AC5E3B1007C5071 /* ImageCounter.swift */; };
		00A08CF22AC5E41F007C5071 /* DetailView.swift in Sources */ = {isa = PBXBuildFile; fileRef = 00A08CF12AC5E41F007C5071 /* DetailView.swift */; };
		00A9C5342B6890CB00BEFE4D /* GridStack in Frameworks */ = {isa = PBXBuildFile; productRef = 00A9C5332B6890CB00BEFE4D /* GridStack */; };
/* End PBXBuildFile section */

/* Begin PBXFileReference section */
		000A6B442AC4E01100C8B328 /* Whack.app */ = {isa = PBXFileReference; explicitFileType = wrapper.application; includeInIndex = 0; path = Whack.app; sourceTree = BUILT_PRODUCTS_DIR; };
		000A6B472AC4E01100C8B328 /* WhackApp.swift */ = {isa = PBXFileReference; lastKnownFileType = sourcecode.swift; path = WhackApp.swift; sourceTree = "<group>"; };
		000A6B492AC4E01100C8B328 /* ContentView.swift */ = {isa = PBXFileReference; lastKnownFileType = sourcecode.swift; path = ContentView.swift; sourceTree = "<group>"; };
		000A6B4B2AC4E01100C8B328 /* Item.swift */ = {isa = PBXFileReference; lastKnownFileType = sourcecode.swift; path = Item.swift; sourceTree = "<group>"; };
		000A6B4D2AC4E01300C8B328 /* Assets.xcassets */ = {isa = PBXFileReference; lastKnownFileType = folder.assetcatalog; path = Assets.xcassets; sourceTree = "<group>"; };
		000A6B502AC4E01300C8B328 /* Preview Assets.xcassets */ = {isa = PBXFileReference; lastKnownFileType = folder.assetcatalog; path = "Preview Assets.xcassets"; sourceTree = "<group>"; };
		00A08CEC2AC5E380007C5071 /* ImageData.swift */ = {isa = PBXFileReference; lastKnownFileType = sourcecode.swift; path = ImageData.swift; sourceTree = "<group>"; };
		00A08CEF2AC5E3B1007C5071 /* ImageCounter.swift */ = {isa = PBXFileReference; lastKnownFileType = sourcecode.swift; path = ImageCounter.swift; sourceTree = "<group>"; };
		00A08CF12AC5E41F007C5071 /* DetailView.swift */ = {isa = PBXFileReference; lastKnownFileType = sourcecode.swift; path = DetailView.swift; sourceTree = "<group>"; };
/* End PBXFileReference section */

/* Begin PBXFrameworksBuildPhase section */
		000A6B412AC4E01100C8B328 /* Frameworks */ = {
			isa = PBXFrameworksBuildPhase;
			buildActionMask = 2147483647;
			files = (
				000A6B5C2AC5AC1D00C8B328 /* Kingfisher in Frameworks */,
				00A9C5342B6890CB00BEFE4D /* GridStack in Frameworks */,
				000A6B592AC5AB4F00C8B328 /* GridStack in Frameworks */,
			);
			runOnlyForDeploymentPostprocessing = 0;
		};
/* End PBXFrameworksBuildPhase section */

/* Begin PBXGroup section */
		000A6B3B2AC4E01100C8B328 = {
			isa = PBXGroup;
			children = (
				000A6B462AC4E01100C8B328 /* Whack */,
				000A6B452AC4E01100C8B328 /* Products */,
			);
			sourceTree = "<group>";
		};
		000A6B452AC4E01100C8B328 /* Products */ = {
			isa = PBXGroup;
			children = (
				000A6B442AC4E01100C8B328 /* Whack.app */,
			);
			name = Products;
			sourceTree = "<group>";
		};
		000A6B462AC4E01100C8B328 /* Whack */ = {
			isa = PBXGroup;
			children = (
				00A08CEE2AC5E39C007C5071 /* ComicViewer */,
				000A6B472AC4E01100C8B328 /* WhackApp.swift */,
				000A6B492AC4E01100C8B328 /* ContentView.swift */,
				000A6B4B2AC4E01100C8B328 /* Item.swift */,
				000A6B4D2AC4E01300C8B328 /* Assets.xcassets */,
				000A6B4F2AC4E01300C8B328 /* Preview Content */,
				00A08CEC2AC5E380007C5071 /* ImageData.swift */,
			);
			path = Whack;
			sourceTree = "<group>";
		};
		000A6B4F2AC4E01300C8B328 /* Preview Content */ = {
			isa = PBXGroup;
			children = (
				000A6B502AC4E01300C8B328 /* Preview Assets.xcassets */,
			);
			path = "Preview Content";
			sourceTree = "<group>";
		};
		00A08CEE2AC5E39C007C5071 /* ComicViewer */ = {
			isa = PBXGroup;
			children = (
				00A08CEF2AC5E3B1007C5071 /* ImageCounter.swift */,
				00A08CF12AC5E41F007C5071 /* DetailView.swift */,
			);
			path = ComicViewer;
			sourceTree = "<group>";
		};
/* End PBXGroup section */

/* Begin PBXNativeTarget section */
		000A6B432AC4E01100C8B328 /* Whack */ = {
			isa = PBXNativeTarget;
			buildConfigurationList = 000A6B542AC4E01300C8B328 /* Build configuration list for PBXNativeTarget "Whack" */;
			buildPhases = (
				000A6B402AC4E01100C8B328 /* Sources */,
				000A6B412AC4E01100C8B328 /* Frameworks */,
				000A6B422AC4E01100C8B328 /* Resources */,
			);
			buildRules = (
			);
			dependencies = (
			);
			name = Whack;
			packageProductDependencies = (
				000A6B582AC5AB4F00C8B328 /* GridStack */,
				000A6B5B2AC5AC1D00C8B328 /* Kingfisher */,
				00A9C5332B6890CB00BEFE4D /* GridStack */,
			);
			productName = Whack;
			productReference = 000A6B442AC4E01100C8B328 /* Whack.app */;
			productType = "com.apple.product-type.application";
		};
/* End PBXNativeTarget section */

/* Begin PBXProject section */
		000A6B3C2AC4E01100C8B328 /* Project object */ = {
			isa = PBXProject;
			attributes = {
				BuildIndependentTargetsInParallel = 1;
				LastSwiftUpdateCheck = 1500;
				LastUpgradeCheck = 1500;
				TargetAttributes = {
					000A6B432AC4E01100C8B328 = {
						CreatedOnToolsVersion = 15.0;
					};
				};
			};
			buildConfigurationList = 000A6B3F2AC4E01100C8B328 /* Build configuration list for PBXProject "Whack" */;
			compatibilityVersion = "Xcode 14.0";
			developmentRegion = en;
			hasScannedForEncodings = 0;
			knownRegions = (
				en,
				Base,
			);
			mainGroup = 000A6B3B2AC4E01100C8B328;
			packageReferences = (
				000A6B572AC5AB4F00C8B328 /* XCRemoteSwiftPackageReference "GridStack" */,
				000A6B5A2AC5AC1D00C8B328 /* XCRemoteSwiftPackageReference "Kingfisher" */,
			);
			productRefGroup = 000A6B452AC4E01100C8B328 /* Products */;
			projectDirPath = "";
			projectRoot = "";
			targets = (
				000A6B432AC4E01100C8B328 /* Whack */,
			);
		};
/* End PBXProject section */

/* Begin PBXResourcesBuildPhase section */
		000A6B422AC4E01100C8B328 /* Resources */ = {
			isa = PBXResourcesBuildPhase;
			buildActionMask = 2147483647;
			files = (
				000A6B512AC4E01300C8B328 /* Preview Assets.xcassets in Resources */,
				000A6B4E2AC4E01300C8B328 /* Assets.xcassets in Resources */,
			);
			runOnlyForDeploymentPostprocessing = 0;
		};
/* End PBXResourcesBuildPhase section */

/* Begin PBXSourcesBuildPhase section */
		000A6B402AC4E01100C8B328 /* Sources */ = {
			isa = PBXSourcesBuildPhase;
			buildActionMask = 2147483647;
			files = (
				000A6B4A2AC4E01100C8B328 /* ContentView.swift in Sources */,
				00A08CF22AC5E41F007C5071 /* DetailView.swift in Sources */,
				000A6B4C2AC4E01100C8B328 /* Item.swift in Sources */,
				000A6B482AC4E01100C8B328 /* WhackApp.swift in Sources */,
				00A08CED2AC5E380007C5071 /* ImageData.swift in Sources */,
				00A08CF02AC5E3B1007C5071 /* ImageCounter.swift in Sources */,
			);
			runOnlyForDeploymentPostprocessing = 0;
		};
/* End PBXSourcesBuildPhase section */

/* Begin XCBuildConfiguration section */
		000A6B522AC4E01300C8B328 /* Debug */ = {
			isa = XCBuildConfiguration;
			buildSettings = {
				ALWAYS_SEARCH_USER_PATHS = NO;
				ASSETCATALOG_COMPILER_GENERATE_SWIFT_ASSET_SYMBOL_EXTENSIONS = YES;
				CLANG_ANALYZER_NONNULL = YES;
				CLANG_ANALYZER_NUMBER_OBJECT_CONVERSION = YES_AGGRESSIVE;
				CLANG_CXX_LANGUAGE_STANDARD = "gnu++20";
				CLANG_ENABLE_MODULES = YES;
				CLANG_ENABLE_OBJC_ARC = YES;
				CLANG_ENABLE_OBJC_WEAK = YES;
				CLANG_WARN_BLOCK_CAPTURE_AUTORELEASING = YES;
				CLANG_WARN_BOOL_CONVERSION = YES;
				CLANG_WARN_COMMA = YES;
				CLANG_WARN_CONSTANT_CONVERSION = YES;
				CLANG_WARN_DEPRECATED_OBJC_IMPLEMENTATIONS = YES;
				CLANG_WARN_DIRECT_OBJC_ISA_USAGE = YES_ERROR;
				CLANG_WARN_DOCUMENTATION_COMMENTS = YES;
				CLANG_WARN_EMPTY_BODY = YES;
				CLANG_WARN_ENUM_CONVERSION = YES;
				CLANG_WARN_INFINITE_RECURSION = YES;
				CLANG_WARN_INT_CONVERSION = YES;
				CLANG_WARN_NON_LITERAL_NULL_CONVERSION = YES;
				CLANG_WARN_OBJC_IMPLICIT_RETAIN_SELF = YES;
				CLANG_WARN_OBJC_LITERAL_CONVERSION = YES;
				CLANG_WARN_OBJC_ROOT_CLASS = YES_ERROR;
				CLANG_WARN_QUOTED_INCLUDE_IN_FRAMEWORK_HEADER = YES;
				CLANG_WARN_RANGE_LOOP_ANALYSIS = YES;
				CLANG_WARN_STRICT_PROTOTYPES = YES;
				CLANG_WARN_SUSPICIOUS_MOVE = YES;
				CLANG_WARN_UNGUARDED_AVAILABILITY = YES_AGGRESSIVE;
				CLANG_WARN_UNREACHABLE_CODE = YES;
				CLANG_WARN__DUPLICATE_METHOD_MATCH = YES;
				COPY_PHASE_STRIP = NO;
				DEBUG_INFORMATION_FORMAT = dwarf;
				ENABLE_STRICT_OBJC_MSGSEND = YES;
				ENABLE_TESTABILITY = YES;
				ENABLE_USER_SCRIPT_SANDBOXING = YES;
				GCC_C_LANGUAGE_STANDARD = gnu17;
				GCC_DYNAMIC_NO_PIC = NO;
				GCC_NO_COMMON_BLOCKS = YES;
				GCC_OPTIMIZATION_LEVEL = 0;
				GCC_PREPROCESSOR_DEFINITIONS = (
					"DEBUG=1",
					"$(inherited)",
				);
				GCC_WARN_64_TO_32_BIT_CONVERSION = YES;
				GCC_WARN_ABOUT_RETURN_TYPE = YES_ERROR;
				GCC_WARN_UNDECLARED_SELECTOR = YES;
				GCC_WARN_UNINITIALIZED_AUTOS = YES_AGGRESSIVE;
				GCC_WARN_UNUSED_FUNCTION = YES;
				GCC_WARN_UNUSED_VARIABLE = YES;
				IPHONEOS_DEPLOYMENT_TARGET = 17.0;
				LOCALIZATION_PREFERS_STRING_CATALOGS = YES;
				MTL_ENABLE_DEBUG_INFO = INCLUDE_SOURCE;
				MTL_FAST_MATH = YES;
				ONLY_ACTIVE_ARCH = YES;
				SDKROOT = iphoneos;
				SWIFT_ACTIVE_COMPILATION_CONDITIONS = "DEBUG $(inherited)";
				SWIFT_OPTIMIZATION_LEVEL = "-Onone";
			};
			name = Debug;
		};
		000A6B532AC4E01300C8B328 /* Release */ = {
			isa = XCBuildConfiguration;
			buildSettings = {
				ALWAYS_SEARCH_USER_PATHS = NO;
				ASSETCATALOG_COMPILER_GENERATE_SWIFT_ASSET_SYMBOL_EXTENSIONS = YES;
				CLANG_ANALYZER_NONNULL = YES;
				CLANG_ANALYZER_NUMBER_OBJECT_CONVERSION = YES_AGGRESSIVE;
				CLANG_CXX_LANGUAGE_STANDARD = "gnu++20";
				CLANG_ENABLE_MODULES = YES;
				CLANG_ENABLE_OBJC_ARC = YES;
				CLANG_ENABLE_OBJC_WEAK = YES;
				CLANG_WARN_BLOCK_CAPTURE_AUTORELEASING = YES;
				CLANG_WARN_BOOL_CONVERSION = YES;
				CLANG_WARN_COMMA = YES;
				CLANG_WARN_CONSTANT_CONVERSION = YES;
				CLANG_WARN_DEPRECATED_OBJC_IMPLEMENTATIONS = YES;
				CLANG_WARN_DIRECT_OBJC_ISA_USAGE = YES_ERROR;
				CLANG_WARN_DOCUMENTATION_COMMENTS = YES;
				CLANG_WARN_EMPTY_BODY = YES;
				CLANG_WARN_ENUM_CONVERSION = YES;
				CLANG_WARN_INFINITE_RECURSION = YES;
				CLANG_WARN_INT_CONVERSION = YES;
				CLANG_WARN_NON_LITERAL_NULL_CONVERSION = YES;
				CLANG_WARN_OBJC_IMPLICIT_RETAIN_SELF = YES;
				CLANG_WARN_OBJC_LITERAL_CONVERSION = YES;
				CLANG_WARN_OBJC_ROOT_CLASS = YES_ERROR;
				CLANG_WARN_QUOTED_INCLUDE_IN_FRAMEWORK_HEADER = YES;
				CLANG_WARN_RANGE_LOOP_ANALYSIS = YES;
				CLANG_WARN_STRICT_PROTOTYPES = YES;
				CLANG_WARN_SUSPICIOUS_MOVE = YES;
				CLANG_WARN_UNGUARDED_AVAILABILITY = YES_AGGRESSIVE;
				CLANG_WARN_UNREACHABLE_CODE = YES;
				CLANG_WARN__DUPLICATE_METHOD_MATCH = YES;
				COPY_PHASE_STRIP = NO;
				DEBUG_INFORMATION_FORMAT = "dwarf-with-dsym";
				ENABLE_NS_ASSERTIONS = NO;
				ENABLE_STRICT_OBJC_MSGSEND = YES;
				ENABLE_USER_SCRIPT_SANDBOXING = YES;
				GCC_C_LANGUAGE_STANDARD = gnu17;
				GCC_NO_COMMON_BLOCKS = YES;
				GCC_WARN_64_TO_32_BIT_CONVERSION = YES;
				GCC_WARN_ABOUT_RETURN_TYPE = YES_ERROR;
				GCC_WARN_UNDECLARED_SELECTOR = YES;
				GCC_WARN_UNINITIALIZED_AUTOS = YES_AGGRESSIVE;
				GCC_WARN_UNUSED_FUNCTION = YES;
				GCC_WARN_UNUSED_VARIABLE = YES;
				IPHONEOS_DEPLOYMENT_TARGET = 17.0;
				LOCALIZATION_PREFERS_STRING_CATALOGS = YES;
				MTL_ENABLE_DEBUG_INFO = NO;
				MTL_FAST_MATH = YES;
				SDKROOT = iphoneos;
				SWIFT_COMPILATION_MODE = wholemodule;
				VALIDATE_PRODUCT = YES;
			};
			name = Release;
		};
		000A6B552AC4E01300C8B328 /* Debug */ = {
			isa = XCBuildConfiguration;
			buildSettings = {
				ASSETCATALOG_COMPILER_APPICON_NAME = AppIcon;
				ASSETCATALOG_COMPILER_GLOBAL_ACCENT_COLOR_NAME = AccentColor;
				CODE_SIGN_STYLE = Automatic;
				CURRENT_PROJECT_VERSION = 1;
				DEVELOPMENT_ASSET_PATHS = "\"Whack/Preview Content\"";
				DEVELOPMENT_TEAM = USWJAJULN9;
				ENABLE_PREVIEWS = YES;
				GENERATE_INFOPLIST_FILE = YES;
				INFOPLIST_KEY_UIApplicationSceneManifest_Generation = YES;
				INFOPLIST_KEY_UIApplicationSupportsIndirectInputEvents = YES;
				INFOPLIST_KEY_UILaunchScreen_Generation = YES;
				INFOPLIST_KEY_UISupportedInterfaceOrientations_iPad = "UIInterfaceOrientationPortrait UIInterfaceOrientationPortraitUpsideDown UIInterfaceOrientationLandscapeLeft UIInterfaceOrientationLandscapeRight";
				INFOPLIST_KEY_UISupportedInterfaceOrientations_iPhone = "UIInterfaceOrientationPortrait UIInterfaceOrientationLandscapeLeft UIInterfaceOrientationLandscapeRight";
				LD_RUNPATH_SEARCH_PATHS = (
					"$(inherited)",
					"@executable_path/Frameworks",
				);
				MARKETING_VERSION = 1.0;
				PRODUCT_BUNDLE_IDENTIFIER = fr.adinunno.Whack;
				PRODUCT_NAME = "$(TARGET_NAME)";
				SWIFT_EMIT_LOC_STRINGS = YES;
				SWIFT_VERSION = 5.0;
				TARGETED_DEVICE_FAMILY = "1,2";
			};
			name = Debug;
		};
		000A6B562AC4E01300C8B328 /* Release */ = {
			isa = XCBuildConfiguration;
			buildSettings = {
				ASSETCATALOG_COMPILER_APPICON_NAME = AppIcon;
				ASSETCATALOG_COMPILER_GLOBAL_ACCENT_COLOR_NAME = AccentColor;
				CODE_SIGN_STYLE = Automatic;
				CURRENT_PROJECT_VERSION = 1;
				DEVELOPMENT_ASSET_PATHS = "\"Whack/Preview Content\"";
				DEVELOPMENT_TEAM = USWJAJULN9;
				ENABLE_PREVIEWS = YES;
				GENERATE_INFOPLIST_FILE = YES;
				INFOPLIST_KEY_UIApplicationSceneManifest_Generation = YES;
				INFOPLIST_KEY_UIApplicationSupportsIndirectInputEvents = YES;
				INFOPLIST_KEY_UILaunchScreen_Generation = YES;
				INFOPLIST_KEY_UISupportedInterfaceOrientations_iPad = "UIInterfaceOrientationPortrait UIInterfaceOrientationPortraitUpsideDown UIInterfaceOrientationLandscapeLeft UIInterfaceOrientationLandscapeRight";
				INFOPLIST_KEY_UISupportedInterfaceOrientations_iPhone = "UIInterfaceOrientationPortrait UIInterfaceOrientationLandscapeLeft UIInterfaceOrientationLandscapeRight";
				LD_RUNPATH_SEARCH_PATHS = (
					"$(inherited)",
					"@executable_path/Frameworks",
				);
				MARKETING_VERSION = 1.0;
				PRODUCT_BUNDLE_IDENTIFIER = fr.adinunno.Whack;
				PRODUCT_NAME = "$(TARGET_NAME)";
				SWIFT_EMIT_LOC_STRINGS = YES;
				SWIFT_VERSION = 5.0;
				TARGETED_DEVICE_FAMILY = "1,2";
			};
			name = Release;
		};
/* End XCBuildConfiguration section */

/* Begin XCConfigurationList section */
		000A6B3F2AC4E01100C8B328 /* Build configuration list for PBXProject "Whack" */ = {
			isa = XCConfigurationList;
			buildConfigurations = (
				000A6B522AC4E01300C8B328 /* Debug */,
				000A6B532AC4E01300C8B328 /* Release */,
			);
			defaultConfigurationIsVisible = 0;
			defaultConfigurationName = Release;
		};
		000A6B542AC4E01300C8B328 /* Build configuration list for PBXNativeTarget "Whack" */ = {
			isa = XCConfigurationList;
			buildConfigurations = (
				000A6B552AC4E01300C8B328 /* Debug */,
				000A6B562AC4E01300C8B328 /* Release */,
			);
			defaultConfigurationIsVisible = 0;
			defaultConfigurationName = Release;
		};
/* End XCConfigurationList section */

/* Begin XCRemoteSwiftPackageReference section */
		000A6B572AC5AB4F00C8B328 /* XCRemoteSwiftPackageReference "GridStack" */ = {
			isa = XCRemoteSwiftPackageReference;
			repositoryURL = "https://github.com/pietropizzi/GridStack";
			requirement = {
				kind = upToNextMajorVersion;
				minimumVersion = 0.4.3;
			};
		};
		000A6B5A2AC5AC1D00C8B328 /* XCRemoteSwiftPackageReference "Kingfisher" */ = {
			isa = XCRemoteSwiftPackageReference;
			repositoryURL = "https://github.com/onevcat/Kingfisher";
			requirement = {
				kind = upToNextMajorVersion;
				minimumVersion = 7.9.1;
			};
		};
/* End XCRemoteSwiftPackageReference section */

/* Begin XCSwiftPackageProductDependency section */
		000A6B582AC5AB4F00C8B328 /* GridStack */ = {
			isa = XCSwiftPackageProductDependency;
			package = 000A6B572AC5AB4F00C8B328 /* XCRemoteSwiftPackageReference "GridStack" */;
			productName = GridStack;
		};
		000A6B5B2AC5AC1D00C8B328 /* Kingfisher */ = {
			isa = XCSwiftPackageProductDependency;
			package = 000A6B5A2AC5AC1D00C8B328 /* XCRemoteSwiftPackageReference "Kingfisher" */;
			productName = Kingfisher;
		};
		00A9C5332B6890CB00BEFE4D /* GridStack */ = {
			isa = XCSwiftPackageProductDependency;
			package = 000A6B572AC5AB4F00C8B328 /* XCRemoteSwiftPackageReference "GridStack" */;
			productName = GridStack;
		};
/* End XCSwiftPackageProductDependency section */
	};
	rootObject = 000A6B3C2AC4E01100C8B328 /* Project object */;
}
